github.com/grimdork/climate v0.31.0 h1:yhWVOcFMiHfqs6hUyB8oIORAPBZjrDrMuIOeRftH5KE=
github.com/grimdork/climate v0.31.0/go.mod h1:TK3a+IoyW2sab2UY/3nwl34KYewdxaxuDNXM2g3gbwY=
github.com/yuin/goldmark v1.8.2 h1:kEGpgqJXdgbkhcOgBxkC0X0PmoPG1ZyoZ117rDVp4zE=
github.com/yuin/goldmark v1.8.2/go.mod h1:ip/1k0VRfGynBgxOz0yCqHrbZXhcjxyuS66Brc7iBKg=
